{
  "nodes": {
    "crane": {
      "inputs": {
        "nixpkgs": [
          "system-manager",
          "nixpkgs"
        ]
      },
      "locked": {
        "lastModified": 1720226507,
        "narHash": "sha256-yHVvNsgrpyNTXZBEokL8uyB2J6gB1wEx0KOJzoeZi1A=",
        "owner": "ipetkov",
        "repo": "crane",
        "rev": "0aed560c5c0a61c9385bddff471a13036203e11c",
        "type": "github"
      },
      "original": {
        "owner": "ipetkov",
        "repo": "crane",
        "type": "github"
      }
    },
    "devshell": {
      "inputs": {
        "flake-utils": "flake-utils",
        "nixpkgs": [
          "system-manager",
          "nixpkgs"
        ]
      },
      "locked": {
        "lastModified": 1717408969,
        "narHash": "sha256-Q0OEFqe35fZbbRPPRdrjTUUChKVhhWXz3T9ZSKmaoVY=",
        "owner": "numtide",
        "repo": "devshell",
        "rev": "1ebbe68d57457c8cae98145410b164b5477761f4",
        "type": "github"
      },
      "original": {
        "owner": "numtide",
        "repo": "devshell",
        "type": "github"
      }
    },
    "flake-compat": {
      "flake": false,
      "locked": {
        "lastModified": 1696426674,
        "narHash": "sha256-kvjfFW7WAETZlt09AgDn1MrtKzP7t90Vf7vypd3OL1U=",
        "owner": "edolstra",
        "repo": "flake-compat",
        "rev": "0f9255e01c2351cc7d116c072cb317785dd33b33",
        "type": "github"
      },
      "original": {
        "owner": "edolstra",
        "repo": "flake-compat",
        "type": "github"
      }
    },
    "flake-parts": {
      "inputs": {
        "nixpkgs-lib": "nixpkgs-lib"
      },
      "locked": {
        "lastModified": 1719994518,
        "narHash": "sha256-pQMhCCHyQGRzdfAkdJ4cIWiw+JNuWsTX7f0ZYSyz0VY=",
        "owner": "hercules-ci",
        "repo": "flake-parts",
        "rev": "9227223f6d922fee3c7b190b2cc238a99527bbb7",
        "type": "github"
      },
      "original": {
        "owner": "hercules-ci",
        "repo": "flake-parts",
        "type": "github"
      }
    },
    "flake-parts_2": {
      "inputs": {
        "nixpkgs-lib": "nixpkgs-lib_2"
      },
      "locked": {
        "lastModified": 1719994518,
        "narHash": "sha256-pQMhCCHyQGRzdfAkdJ4cIWiw+JNuWsTX7f0ZYSyz0VY=",
        "owner": "hercules-ci",
        "repo": "flake-parts",
        "rev": "9227223f6d922fee3c7b190b2cc238a99527bbb7",
        "type": "github"
      },
      "original": {
        "owner": "hercules-ci",
        "repo": "flake-parts",
        "type": "github"
      }
    },
    "flake-utils": {
      "inputs": {
        "systems": "systems_2"
      },
      "locked": {
        "lastModified": 1701680307,
        "narHash": "sha256-kAuep2h5ajznlPMD9rnQyffWG8EM/C73lejGofXvdM8=",
        "owner": "numtide",
        "repo": "flake-utils",
        "rev": "4022d587cbbfd70fe950c1e2083a02621806a725",
        "type": "github"
      },
      "original": {
        "owner": "numtide",
        "repo": "flake-utils",
        "type": "github"
      }
    },
    "flake-utils_2": {
      "inputs": {
        "systems": "systems_3"
      },
      "locked": {
        "lastModified": 1710146030,
        "narHash": "sha256-SZ5L6eA7HJ/nmkzGG7/ISclqe6oZdOZTNoesiInkXPQ=",
        "owner": "numtide",
        "repo": "flake-utils",
        "rev": "b1d9ab70662946ef0850d488da1c9019f3a9752a",
        "type": "github"
      },
      "original": {
        "owner": "numtide",
        "repo": "flake-utils",
        "type": "github"
      }
    },
    "flocken": {
      "inputs": {
        "flake-parts": "flake-parts_2",
        "nixpkgs": [
          "nixpkgs"
        ],
        "systems": "systems"
      },
      "locked": {
        "lastModified": 1720509369,
        "narHash": "sha256-/r40a79ibtWwB1R292MbRRv487M9UWrp93tDwIr7Ek4=",
        "owner": "mirkolenz",
        "repo": "flocken",
        "rev": "848f7edf90dcb9355d4817bd65117d6f6dd516fd",
        "type": "github"
      },
      "original": {
        "owner": "mirkolenz",
        "ref": "v2",
        "repo": "flocken",
        "type": "github"
      }
    },
    "gitignore": {
      "inputs": {
        "nixpkgs": [
          "system-manager",
          "pre-commit-hooks",
          "nixpkgs"
        ]
      },
      "locked": {
        "lastModified": 1709087332,
        "narHash": "sha256-HG2cCnktfHsKV0s4XW83gU3F57gaTljL9KNSuG6bnQs=",
        "owner": "hercules-ci",
        "repo": "gitignore.nix",
        "rev": "637db329424fd7e46cf4185293b9cc8c88c95394",
        "type": "github"
      },
      "original": {
        "owner": "hercules-ci",
        "repo": "gitignore.nix",
        "type": "github"
      }
    },
    "nix-vm-test": {
      "inputs": {
        "nixpkgs": [
          "system-manager",
          "nixpkgs"
        ]
      },
      "locked": {
        "lastModified": 1719820844,
        "narHash": "sha256-HsBXSw1s6n4y6ZV9yt6NIlC3xFHtLkb+LviEY+ya5D0=",
        "owner": "numtide",
        "repo": "nix-vm-test",
        "rev": "69f003c3502511ddf5b0f5f285359d65d3958f34",
        "type": "github"
      },
      "original": {
        "owner": "numtide",
        "repo": "nix-vm-test",
        "type": "github"
      }
    },
    "nixglhost": {
      "inputs": {
        "nixpkgs": [
          "nixpkgs"
        ]
      },
      "locked": {
        "lastModified": 1707561455,
        "narHash": "sha256-e3EAKVsrmuC4NwEEpAU6nS4LgNoGH/7fgax1eUtxz18=",
        "owner": "numtide",
        "repo": "nix-gl-host",
        "rev": "f0fbe496473e6e1a91492b09d9ae840ad9c81fbe",
        "type": "github"
      },
      "original": {
        "owner": "numtide",
        "repo": "nix-gl-host",
        "type": "github"
      }
    },
    "nixpkgs": {
      "locked": {
        "lastModified": 1720954236,
        "narHash": "sha256-1mEKHp4m9brvfQ0rjCca8P1WHpymK3TOr3v34ydv9bs=",
        "owner": "nixos",
        "repo": "nixpkgs",
        "rev": "53e81e790209e41f0c1efa9ff26ff2fd7ab35e27",
        "type": "github"
      },
      "original": {
        "owner": "nixos",
        "ref": "nixos-24.05",
        "repo": "nixpkgs",
        "type": "github"
      }
    },
    "nixpkgs-lib": {
      "locked": {
        "lastModified": 1719876945,
        "narHash": "sha256-Fm2rDDs86sHy0/1jxTOKB1118Q0O3Uc7EC0iXvXKpbI=",
        "type": "tarball",
        "url": "https://github.com/NixOS/nixpkgs/archive/5daf0514482af3f97abaefc78a6606365c9108e2.tar.gz"
      },
      "original": {
        "type": "tarball",
        "url": "https://github.com/NixOS/nixpkgs/archive/5daf0514482af3f97abaefc78a6606365c9108e2.tar.gz"
      }
    },
    "nixpkgs-lib_2": {
      "locked": {
        "lastModified": 1719876945,
        "narHash": "sha256-Fm2rDDs86sHy0/1jxTOKB1118Q0O3Uc7EC0iXvXKpbI=",
        "type": "tarball",
        "url": "https://github.com/NixOS/nixpkgs/archive/5daf0514482af3f97abaefc78a6606365c9108e2.tar.gz"
      },
      "original": {
        "type": "tarball",
        "url": "https://github.com/NixOS/nixpkgs/archive/5daf0514482af3f97abaefc78a6606365c9108e2.tar.gz"
      }
    },
    "nixpkgs-stable": {
      "locked": {
        "lastModified": 1718811006,
        "narHash": "sha256-0Y8IrGhRmBmT7HHXlxxepg2t8j1X90++qRN3lukGaIk=",
        "owner": "NixOS",
        "repo": "nixpkgs",
        "rev": "03d771e513ce90147b65fe922d87d3a0356fc125",
        "type": "github"
      },
      "original": {
        "owner": "NixOS",
        "ref": "nixos-23.11",
        "repo": "nixpkgs",
        "type": "github"
      }
    },
    "pre-commit-hooks": {
      "inputs": {
        "flake-compat": "flake-compat",
        "gitignore": "gitignore",
        "nixpkgs": [
          "system-manager",
          "nixpkgs"
        ],
        "nixpkgs-stable": "nixpkgs-stable"
      },
      "locked": {
        "lastModified": 1719259945,
        "narHash": "sha256-F1h+XIsGKT9TkGO3omxDLEb/9jOOsI6NnzsXFsZhry4=",
        "owner": "cachix",
        "repo": "pre-commit-hooks.nix",
        "rev": "0ff4381bbb8f7a52ca4a851660fc7a437a4c6e07",
        "type": "github"
      },
      "original": {
        "owner": "cachix",
        "repo": "pre-commit-hooks.nix",
        "type": "github"
      }
    },
    "root": {
      "inputs": {
        "flake-parts": "flake-parts",
        "flocken": "flocken",
        "nixglhost": "nixglhost",
        "nixpkgs": "nixpkgs",
        "system-manager": "system-manager"
      }
    },
    "rust-overlay": {
      "inputs": {
        "nixpkgs": [
          "system-manager",
          "nixpkgs"
        ]
      },
      "locked": {
        "lastModified": 1720405186,
        "narHash": "sha256-7D57KwmTIbsopE/1g8hFeIbVoeJGgU3wfuGYvTlNQG4=",
        "owner": "oxalica",
        "repo": "rust-overlay",
        "rev": "f0ca58b37ff4179ce4587589c32205764d9b4a4f",
        "type": "github"
      },
      "original": {
        "owner": "oxalica",
        "repo": "rust-overlay",
        "type": "github"
      }
    },
    "system-manager": {
      "inputs": {
        "crane": "crane",
        "devshell": "devshell",
        "flake-utils": "flake-utils_2",
        "nix-vm-test": "nix-vm-test",
        "nixpkgs": [
          "nixpkgs"
        ],
        "pre-commit-hooks": "pre-commit-hooks",
        "rust-overlay": "rust-overlay",
        "treefmt-nix": "treefmt-nix"
      },
      "locked": {
        "lastModified": 1720435858,
        "narHash": "sha256-pGTh7vEqmzpksecazIMpJaqu2f9nymsb7s37URq+i8o=",
        "owner": "numtide",
        "repo": "system-manager",
        "rev": "4d33bfa43cc067dd6ea6a0e41115f27b50cd5a35",
        "type": "github"
      },
      "original": {
        "owner": "numtide",
        "repo": "system-manager",
        "type": "github"
      }
    },
    "systems": {
      "locked": {
        "lastModified": 1681028828,
        "narHash": "sha256-Vy1rq5AaRuLzOxct8nz4T6wlgyUR7zLU309k9mBC768=",
        "owner": "nix-systems",
        "repo": "default",
        "rev": "da67096a3b9bf56a91d16901293e51ba5b49a27e",
        "type": "github"
      },
      "original": {
        "owner": "nix-systems",
        "repo": "default",
        "type": "github"
      }
    },
    "systems_2": {
      "locked": {
        "lastModified": 1681028828,
        "narHash": "sha256-Vy1rq5AaRuLzOxct8nz4T6wlgyUR7zLU309k9mBC768=",
        "owner": "nix-systems",
        "repo": "default",
        "rev": "da67096a3b9bf56a91d16901293e51ba5b49a27e",
        "type": "github"
      },
      "original": {
        "owner": "nix-systems",
        "repo": "default",
        "type": "github"
      }
    },
    "systems_3": {
      "locked": {
        "lastModified": 1681028828,
        "narHash": "sha256-Vy1rq5AaRuLzOxct8nz4T6wlgyUR7zLU309k9mBC768=",
        "owner": "nix-systems",
        "repo": "default",
        "rev": "da67096a3b9bf56a91d16901293e51ba5b49a27e",
        "type": "github"
      },
      "original": {
        "owner": "nix-systems",
        "repo": "default",
        "type": "github"
      }
    },
    "treefmt-nix": {
      "inputs": {
        "nixpkgs": [
          "system-manager",
          "nixpkgs"
        ]
      },
      "locked": {
        "lastModified": 1720374026,
        "narHash": "sha256-ludjqxhR/5lXwJ1H6zHmZqp+4e8dFPHE9FIZ2eBh2G4=",
        "owner": "numtide",
        "repo": "treefmt-nix",
        "rev": "e1d7bd5ec6fc389eb3a90e232c4150338bf6a508",
        "type": "github"
      },
      "original": {
        "owner": "numtide",
        "repo": "treefmt-nix",
        "type": "github"
      }
    }
  },
  "root": "root",
  "version": 7
}
